<Solution>
  <Folder Name="/src/">
    <Project Path="src/Dona.Crm.App/Dona.Crm.App.csproj" />
    <Project Path="src/Dona.Crm.Core/Dona.Crm.Core.csproj" />
    <Project Path="src/Dona.Crm.Storage.Sqlite/Dona.Crm.Storage.Sqlite.csproj" />
    <Project Path="src/Dona.Crm.Storage.Browser/Dona.Crm.Storage.Browser.csproj" />
    <Project Path="src/Dona.Crm.UI/Dona.Crm.UI.csproj" />
    <Project Path="src/Dona.Crm.Web.Client/Dona.Crm.Web.Client.csproj" />
  </Folder>
  <Folder Name="/tests/">
    <Project Path="tests/Dona.Crm.Core.Tests/Dona.Crm.Core.Tests.csproj" />
    <Project Path="tests/Dona.Crm.Storage.Browser.Tests/Dona.Crm.Storage.Browser.Tests.csproj" />
    <Project Path="tests/Dona.Crm.Storage.Sqlite.Tests/Dona.Crm.Storage.Sqlite.Tests.csproj" />
  </Folder>
</Solution>
